
Microsoft Visual Studio Solution File, Format Version 12.00
# Visual Studio 14
VisualStudioVersion = 14.0.23107.0
MinimumVisualStudioVersion = 10.0.40219.1
Project("{F184B08F-C81C-45F6-A57F-5ABD9991F28F}") = "matice1", "matice1\matice1.vbproj", "{FEA471B0-327A-40C5-8D0B-D98B6B904F04}"
EndProject
Global
	GlobalSection(SolutionConfigurationPlatforms) = preSolution
		Debug|Any CPU = Debug|Any CPU
		Release|Any CPU = Release|Any CPU
	EndGlobalSection
	GlobalSection(ProjectConfigurationPlatforms) = postSolution
		{FEA471B0-327A-40C5-8D0B-D98B6B904F04}.Debug|Any CPU.ActiveCfg = Debug|Any CPU
		{FEA471B0-327A-40C5-8D0B-D98B6B904F04}.Debug|Any CPU.Build.0 = Debug|Any CPU
		{FEA471B0-327A-40C5-8D0B-D98B6B904F04}.Release|Any CPU.ActiveCfg = Release|Any CPU
		{FEA471B0-327A-40C5-8D0B-D98B6B904F04}.Release|Any CPU.Build.0 = Release|Any CPU
	EndGlobalSection
	GlobalSection(SolutionProperties) = preSolution
		HideSolutionNode = FALSE
	EndGlobalSection
EndGlobal
