
Microsoft Visual Studio Solution File, Format Version 12.00
# Visual Studio 14
VisualStudioVersion = 14.0.22310.1
MinimumVisualStudioVersion = 10.0.40219.1
Project("{F184B08F-C81C-45F6-A57F-5ABD9991F28F}") = "5.3", "5.3\5.3.vbproj", "{DF0B4A98-6AEC-48FB-B03F-C88F04ABF566}"
EndProject
Global
	GlobalSection(SolutionConfigurationPlatforms) = preSolution
		Debug|Any CPU = Debug|Any CPU
		Release|Any CPU = Release|Any CPU
	EndGlobalSection
	GlobalSection(ProjectConfigurationPlatforms) = postSolution
		{DF0B4A98-6AEC-48FB-B03F-C88F04ABF566}.Debug|Any CPU.ActiveCfg = Debug|Any CPU
		{DF0B4A98-6AEC-48FB-B03F-C88F04ABF566}.Debug|Any CPU.Build.0 = Debug|Any CPU
		{DF0B4A98-6AEC-48FB-B03F-C88F04ABF566}.Release|Any CPU.ActiveCfg = Release|Any CPU
		{DF0B4A98-6AEC-48FB-B03F-C88F04ABF566}.Release|Any CPU.Build.0 = Release|Any CPU
	EndGlobalSection
	GlobalSection(SolutionProperties) = preSolution
		HideSolutionNode = FALSE
	EndGlobalSection
EndGlobal
